
Microsoft Visual Studio Solution File, Format Version 12.00
Project("{FAE04EC0-301F-11D3-BF4B-00C04F79EFBC}") = "Bach2025-nortec", "Bach2025-nortec.csproj", "{61B462FD-E4B7-4ADA-8D05-A809A5C12997}"
EndProject
Project("{2150E333-8FDC-42A3-9474-1A3956D46DE8}") = "Solution Items", "Solution Items", "{6A7E64E0-97EE-4EE4-9C1A-46DA234761CA}"
	ProjectSection(SolutionItems) = preProject
		compose.yaml = compose.yaml
	EndProjectSection
EndProject
Global
	GlobalSection(SolutionConfigurationPlatforms) = preSolution
		Debug|Any CPU = Debug|Any CPU
		Release|Any CPU = Release|Any CPU
	EndGlobalSection
	GlobalSection(ProjectConfigurationPlatforms) = postSolution
		{61B462FD-E4B7-4ADA-8D05-A809A5C12997}.Debug|Any CPU.ActiveCfg = Debug|Any CPU
		{61B462FD-E4B7-4ADA-8D05-A809A5C12997}.Debug|Any CPU.Build.0 = Debug|Any CPU
		{61B462FD-E4B7-4ADA-8D05-A809A5C12997}.Release|Any CPU.ActiveCfg = Release|Any CPU
		{61B462FD-E4B7-4ADA-8D05-A809A5C12997}.Release|Any CPU.Build.0 = Release|Any CPU
	EndGlobalSection
EndGlobal
